
Microsoft Visual Studio Solution File, Format Version 12.00
# Visual Studio Version 16
VisualStudioVersion = 16.0.31624.102
MinimumVisualStudioVersion = 10.0.40219.1
Project("{FAE04EC0-301F-11D3-BF4B-00C04F79EFBC}") = "BankingLibrary", "BankingLibrary\BankingLibrary.csproj", "{31D39C88-7277-4BDA-B650-AE107BE2A54E}"
EndProject
Project("{FAE04EC0-301F-11D3-BF4B-00C04F79EFBC}") = "BankingLibraryTests", "BankingLibraryTests\BankingLibraryTests.csproj", "{0E8F84FF-7DA8-4A8C-BC7A-5AB2BC49D6CD}"
EndProject
Global
	GlobalSection(SolutionConfigurationPlatforms) = preSolution
		Debug|Any CPU = Debug|Any CPU
		Release|Any CPU = Release|Any CPU
	EndGlobalSection
	GlobalSection(ProjectConfigurationPlatforms) = postSolution
		{31D39C88-7277-4BDA-B650-AE107BE2A54E}.Debug|Any CPU.ActiveCfg = Debug|Any CPU
		{31D39C88-7277-4BDA-B650-AE107BE2A54E}.Debug|Any CPU.Build.0 = Debug|Any CPU
		{31D39C88-7277-4BDA-B650-AE107BE2A54E}.Release|Any CPU.ActiveCfg = Release|Any CPU
		{31D39C88-7277-4BDA-B650-AE107BE2A54E}.Release|Any CPU.Build.0 = Release|Any CPU
		{0E8F84FF-7DA8-4A8C-BC7A-5AB2BC49D6CD}.Debug|Any CPU.ActiveCfg = Debug|Any CPU
		{0E8F84FF-7DA8-4A8C-BC7A-5AB2BC49D6CD}.Debug|Any CPU.Build.0 = Debug|Any CPU
		{0E8F84FF-7DA8-4A8C-BC7A-5AB2BC49D6CD}.Release|Any CPU.ActiveCfg = Release|Any CPU
		{0E8F84FF-7DA8-4A8C-BC7A-5AB2BC49D6CD}.Release|Any CPU.Build.0 = Release|Any CPU
	EndGlobalSection
	GlobalSection(SolutionProperties) = preSolution
		HideSolutionNode = FALSE
	EndGlobalSection
	GlobalSection(ExtensibilityGlobals) = postSolution
		SolutionGuid = {04C62AA5-6E29-4081-BF38-3E41A30F94BA}
	EndGlobalSection
EndGlobal
